// !$*UTF8*$!
{
	archiveVersion = 1;
	classes = {
	};
	objectVersion = 46;
	objects = {

/* Begin PBXBuildFile section */
		4A95938B1D748EE100EE27AA /* Perform.framework in Frameworks */ = {isa = PBXBuildFile; fileRef = 4A9593811D748EE100EE27AA /* Perform.framework */; };
		4A9593BB1D7492CB00EE27AA /* Nimble.framework in Copy Frameworks */ = {isa = PBXBuildFile; fileRef = 4A9593B71D7492CB00EE27AA /* Nimble.framework */; settings = {ATTRIBUTES = (CodeSignOnCopy, RemoveHeadersOnCopy, ); }; };
		4A9593BC1D7492CB00EE27AA /* Quick.framework in Copy Frameworks */ = {isa = PBXBuildFile; fileRef = 4A9593B81D7492CB00EE27AA /* Quick.framework */; settings = {ATTRIBUTES = (CodeSignOnCopy, RemoveHeadersOnCopy, ); }; };
		4A9593C21D74932000EE27AA /* Nimble.framework in Frameworks */ = {isa = PBXBuildFile; fileRef = 4A9593B71D7492CB00EE27AA /* Nimble.framework */; };
		4A9593C31D74932000EE27AA /* Quick.framework in Frameworks */ = {isa = PBXBuildFile; fileRef = 4A9593B81D7492CB00EE27AA /* Quick.framework */; };
		4A9593C81D7493EC00EE27AA /* Perform.h in Headers */ = {isa = PBXBuildFile; fileRef = 4A9593C61D7493EC00EE27AA /* Perform.h */; settings = {ATTRIBUTES = (Public, ); }; };
		4A9593F81D74A9F500EE27AA /* Perform.framework in Frameworks */ = {isa = PBXBuildFile; fileRef = 4A9593811D748EE100EE27AA /* Perform.framework */; };
		4A95940A1D74B16D00EE27AA /* Perform.swift in Sources */ = {isa = PBXBuildFile; fileRef = 4A9593C91D74940600EE27AA /* Perform.swift */; };
		4A95940C1D74B19800EE27AA /* PerformSpec.swift in Sources */ = {isa = PBXBuildFile; fileRef = 4A9593B11D7490B700EE27AA /* PerformSpec.swift */; };
		4AA18A491D75D2FE005386FF /* Aspects.framework in Frameworks */ = {isa = PBXBuildFile; fileRef = 4AA18A481D75D2FE005386FF /* Aspects.framework */; };
		4AA18A4A1D75D30A005386FF /* Aspects.framework in Frameworks */ = {isa = PBXBuildFile; fileRef = 4AA18A481D75D2FE005386FF /* Aspects.framework */; };
		4AA18A4B1D75D30F005386FF /* Aspects.framework in Copy Frameworks */ = {isa = PBXBuildFile; fileRef = 4AA18A481D75D2FE005386FF /* Aspects.framework */; settings = {ATTRIBUTES = (CodeSignOnCopy, RemoveHeadersOnCopy, ); }; };
		4AA18A4D1D75D738005386FF /* Collection.swift in Sources */ = {isa = PBXBuildFile; fileRef = 4AA18A4C1D75D738005386FF /* Collection.swift */; };
		4AA18A4F1D75D75D005386FF /* Aspects.swift in Sources */ = {isa = PBXBuildFile; fileRef = 4AA18A4E1D75D75D005386FF /* Aspects.swift */; };
		4AC9E4CF1D74BAF50064B4E7 /* AppDelegate.swift in Sources */ = {isa = PBXBuildFile; fileRef = 4AC9E4C71D74BAF50064B4E7 /* AppDelegate.swift */; };
		4AC9E4D01D74BAF50064B4E7 /* Assets.xcassets in Resources */ = {isa = PBXBuildFile; fileRef = 4AC9E4C81D74BAF50064B4E7 /* Assets.xcassets */; };
		4AC9E4D11D74BAF50064B4E7 /* LaunchScreen.storyboard in Resources */ = {isa = PBXBuildFile; fileRef = 4AC9E4C91D74BAF50064B4E7 /* LaunchScreen.storyboard */; };
		4AC9E4D21D74BAF50064B4E7 /* Main.storyboard in Resources */ = {isa = PBXBuildFile; fileRef = 4AC9E4CB1D74BAF50064B4E7 /* Main.storyboard */; };
		4AC9E4D61D74BBD70064B4E7 /* Segue.swift in Sources */ = {isa = PBXBuildFile; fileRef = 4AC9E4D51D74BBD70064B4E7 /* Segue.swift */; };
		4AC9E4E11D74C2C40064B4E7 /* ViewControllers.swift in Sources */ = {isa = PBXBuildFile; fileRef = 4AC9E4DF1D74C2390064B4E7 /* ViewControllers.swift */; };
		4AC9E4E31D74C9620064B4E7 /* UIStoryboardSegue.swift in Sources */ = {isa = PBXBuildFile; fileRef = 4AC9E4E21D74C9620064B4E7 /* UIStoryboardSegue.swift */; };
		4AEFD48A1D760122004E7F66 /* UITabBarController.swift in Sources */ = {isa = PBXBuildFile; fileRef = 4AEFD4891D760122004E7F66 /* UITabBarController.swift */; };
		4AEFD48C1D7601A4004E7F66 /* UIViewController.swift in Sources */ = {isa = PBXBuildFile; fileRef = 4AEFD48B1D7601A4004E7F66 /* UIViewController.swift */; };
		4AEFD4901D76089F004E7F66 /* SequenceType.swift in Sources */ = {isa = PBXBuildFile; fileRef = 4AEFD48F1D76089F004E7F66 /* SequenceType.swift */; };
/* End PBXBuildFile section */

/* Begin PBXContainerItemProxy section */
		4A95938C1D748EE100EE27AA /* PBXContainerItemProxy */ = {
			isa = PBXContainerItemProxy;
			containerPortal = 4A9593781D748EE100EE27AA /* Project object */;
			proxyType = 1;
			remoteGlobalIDString = 4A9593801D748EE100EE27AA;
			remoteInfo = Perform;
		};
		4A9593F21D74A71A00EE27AA /* PBXContainerItemProxy */ = {
			isa = PBXContainerItemProxy;
			containerPortal = 4A9593781D748EE100EE27AA /* Project object */;
			proxyType = 1;
			remoteGlobalIDString = 4A9593CE1D74A59A00EE27AA;
			remoteInfo = PerformHarness;
		};
/* End PBXContainerItemProxy section */

/* Begin PBXCopyFilesBuildPhase section */
		4A9593B61D74929900EE27AA /* Copy Frameworks */ = {
			isa = PBXCopyFilesBuildPhase;
			buildActionMask = 2147483647;
			dstPath = "";
			dstSubfolderSpec = 10;
			files = (
				4A9593BB1D7492CB00EE27AA /* Nimble.framework in Copy Frameworks */,
				4A9593BC1D7492CB00EE27AA /* Quick.framework in Copy Frameworks */,
			);
			name = "Copy Frameworks";
			runOnlyForDeploymentPostprocessing = 0;
		};
		4A9593FB1D74AA1700EE27AA /* Copy Frameworks */ = {
			isa = PBXCopyFilesBuildPhase;
			buildActionMask = 2147483647;
			dstPath = "";
			dstSubfolderSpec = 10;
			files = (
				4AA18A4B1D75D30F005386FF /* Aspects.framework in Copy Frameworks */,
			);
			name = "Copy Frameworks";
			runOnlyForDeploymentPostprocessing = 0;
		};
/* End PBXCopyFilesBuildPhase section */

/* Begin PBXFileReference section */
		4A9593811D748EE100EE27AA /* Perform.framework */ = {isa = PBXFileReference; explicitFileType = wrapper.framework; includeInIndex = 0; path = Perform.framework; sourceTree = BUILT_PRODUCTS_DIR; };
		4A95938A1D748EE100EE27AA /* PerformTests.xctest */ = {isa = PBXFileReference; explicitFileType = wrapper.cfbundle; includeInIndex = 0; path = PerformTests.xctest; sourceTree = BUILT_PRODUCTS_DIR; };
		4A9593B01D7490B700EE27AA /* Info.plist */ = {isa = PBXFileReference; fileEncoding = 4; lastKnownFileType = text.plist.xml; path = Info.plist; sourceTree = "<group>"; };
		4A9593B11D7490B700EE27AA /* PerformSpec.swift */ = {isa = PBXFileReference; fileEncoding = 4; lastKnownFileType = sourcecode.swift; path = PerformSpec.swift; sourceTree = "<group>"; };
		4A9593B71D7492CB00EE27AA /* Nimble.framework */ = {isa = PBXFileReference; lastKnownFileType = wrapper.framework; name = Nimble.framework; path = Carthage/Build/iOS/Nimble.framework; sourceTree = "<group>"; };
		4A9593B81D7492CB00EE27AA /* Quick.framework */ = {isa = PBXFileReference; lastKnownFileType = wrapper.framework; name = Quick.framework; path = Carthage/Build/iOS/Quick.framework; sourceTree = "<group>"; };
		4A9593C51D7493EC00EE27AA /* Info.plist */ = {isa = PBXFileReference; fileEncoding = 4; lastKnownFileType = text.plist.xml; path = Info.plist; sourceTree = "<group>"; };
		4A9593C61D7493EC00EE27AA /* Perform.h */ = {isa = PBXFileReference; fileEncoding = 4; lastKnownFileType = sourcecode.c.h; path = Perform.h; sourceTree = "<group>"; };
		4A9593C91D74940600EE27AA /* Perform.swift */ = {isa = PBXFileReference; fileEncoding = 4; lastKnownFileType = sourcecode.swift; path = Perform.swift; sourceTree = "<group>"; };
		4A9593CF1D74A59A00EE27AA /* PerformHarness.app */ = {isa = PBXFileReference; explicitFileType = wrapper.application; includeInIndex = 0; path = PerformHarness.app; sourceTree = BUILT_PRODUCTS_DIR; };
		4AA18A481D75D2FE005386FF /* Aspects.framework */ = {isa = PBXFileReference; lastKnownFileType = wrapper.framework; name = Aspects.framework; path = Carthage/Build/iOS/Aspects.framework; sourceTree = "<group>"; };
		4AA18A4C1D75D738005386FF /* Collection.swift */ = {isa = PBXFileReference; fileEncoding = 4; lastKnownFileType = sourcecode.swift; path = Collection.swift; sourceTree = "<group>"; };
		4AA18A4E1D75D75D005386FF /* Aspects.swift */ = {isa = PBXFileReference; fileEncoding = 4; lastKnownFileType = sourcecode.swift; path = Aspects.swift; sourceTree = "<group>"; };
		4AC9E4C71D74BAF50064B4E7 /* AppDelegate.swift */ = {isa = PBXFileReference; fileEncoding = 4; lastKnownFileType = sourcecode.swift; path = AppDelegate.swift; sourceTree = "<group>"; };
		4AC9E4C81D74BAF50064B4E7 /* Assets.xcassets */ = {isa = PBXFileReference; lastKnownFileType = folder.assetcatalog; path = Assets.xcassets; sourceTree = "<group>"; };
		4AC9E4CA1D74BAF50064B4E7 /* Base */ = {isa = PBXFileReference; lastKnownFileType = file.storyboard; name = Base; path = Base.lproj/LaunchScreen.storyboard; sourceTree = "<group>"; };
		4AC9E4CC1D74BAF50064B4E7 /* Base */ = {isa = PBXFileReference; lastKnownFileType = file.storyboard; name = Base; path = Base.lproj/Main.storyboard; sourceTree = "<group>"; };
		4AC9E4CD1D74BAF50064B4E7 /* Info.plist */ = {isa = PBXFileReference; fileEncoding = 4; lastKnownFileType = text.plist.xml; path = Info.plist; sourceTree = "<group>"; };
		4AC9E4D51D74BBD70064B4E7 /* Segue.swift */ = {isa = PBXFileReference; fileEncoding = 4; lastKnownFileType = sourcecode.swift; path = Segue.swift; sourceTree = "<group>"; };
		4AC9E4DF1D74C2390064B4E7 /* ViewControllers.swift */ = {isa = PBXFileReference; fileEncoding = 4; lastKnownFileType = sourcecode.swift; path = ViewControllers.swift; sourceTree = "<group>"; };
		4AC9E4E21D74C9620064B4E7 /* UIStoryboardSegue.swift */ = {isa = PBXFileReference; fileEncoding = 4; lastKnownFileType = sourcecode.swift; path = UIStoryboardSegue.swift; sourceTree = "<group>"; };
		4AEFD4891D760122004E7F66 /* UITabBarController.swift */ = {isa = PBXFileReference; fileEncoding = 4; lastKnownFileType = sourcecode.swift; path = UITabBarController.swift; sourceTree = "<group>"; };
		4AEFD48B1D7601A4004E7F66 /* UIViewController.swift */ = {isa = PBXFileReference; fileEncoding = 4; lastKnownFileType = sourcecode.swift; path = UIViewController.swift; sourceTree = "<group>"; };
		4AEFD48F1D76089F004E7F66 /* SequenceType.swift */ = {isa = PBXFileReference; fileEncoding = 4; lastKnownFileType = sourcecode.swift; path = SequenceType.swift; sourceTree = "<group>"; };
/* End PBXFileReference section */

/* Begin PBXFrameworksBuildPhase section */
		4A95937D1D748EE100EE27AA /* Frameworks */ = {
			isa = PBXFrameworksBuildPhase;
			buildActionMask = 2147483647;
			files = (
				4AA18A491D75D2FE005386FF /* Aspects.framework in Frameworks */,
			);
			runOnlyForDeploymentPostprocessing = 0;
		};
		4A9593871D748EE100EE27AA /* Frameworks */ = {
			isa = PBXFrameworksBuildPhase;
			buildActionMask = 2147483647;
			files = (
				4A95938B1D748EE100EE27AA /* Perform.framework in Frameworks */,
				4A9593C21D74932000EE27AA /* Nimble.framework in Frameworks */,
				4A9593C31D74932000EE27AA /* Quick.framework in Frameworks */,
			);
			runOnlyForDeploymentPostprocessing = 0;
		};
		4A9593CC1D74A59A00EE27AA /* Frameworks */ = {
			isa = PBXFrameworksBuildPhase;
			buildActionMask = 2147483647;
			files = (
				4A9593F81D74A9F500EE27AA /* Perform.framework in Frameworks */,
				4AA18A4A1D75D30A005386FF /* Aspects.framework in Frameworks */,
			);
			runOnlyForDeploymentPostprocessing = 0;
		};
/* End PBXFrameworksBuildPhase section */

/* Begin PBXGroup section */
		4A9593771D748EE100EE27AA = {
			isa = PBXGroup;
			children = (
				4A9593831D748EE100EE27AA /* Sources */,
				4A9593A61D7490A000EE27AA /* Tests */,
				4A9593BF1D7492D400EE27AA /* Frameworks */,
				4A9593821D748EE100EE27AA /* Products */,
			);
			sourceTree = "<group>";
		};
		4A9593821D748EE100EE27AA /* Products */ = {
			isa = PBXGroup;
			children = (
				4A9593811D748EE100EE27AA /* Perform.framework */,
				4A95938A1D748EE100EE27AA /* PerformTests.xctest */,
				4A9593CF1D74A59A00EE27AA /* PerformHarness.app */,
			);
			name = Products;
			sourceTree = "<group>";
		};
		4A9593831D748EE100EE27AA /* Sources */ = {
			isa = PBXGroup;
			children = (
				4A9593C41D7493EC00EE27AA /* Perform */,
			);
			path = Sources;
			sourceTree = "<group>";
		};
		4A9593A61D7490A000EE27AA /* Tests */ = {
			isa = PBXGroup;
			children = (
				4AC9E4C61D74BAF50064B4E7 /* Harness */,
				4A9593AF1D7490B700EE27AA /* PerformTests */,
			);
			path = Tests;
			sourceTree = "<group>";
		};
		4A9593AF1D7490B700EE27AA /* PerformTests */ = {
			isa = PBXGroup;
			children = (
				4A9593B11D7490B700EE27AA /* PerformSpec.swift */,
				4A9593B01D7490B700EE27AA /* Info.plist */,
			);
			path = PerformTests;
			sourceTree = "<group>";
		};
		4A9593BF1D7492D400EE27AA /* Frameworks */ = {
			isa = PBXGroup;
			children = (
				4AA18A481D75D2FE005386FF /* Aspects.framework */,
				4A9593B71D7492CB00EE27AA /* Nimble.framework */,
				4A9593B81D7492CB00EE27AA /* Quick.framework */,
			);
			name = Frameworks;
			sourceTree = "<group>";
		};
		4A9593C41D7493EC00EE27AA /* Perform */ = {
			isa = PBXGroup;
			children = (
				4A9593C61D7493EC00EE27AA /* Perform.h */,
				4AA18A4E1D75D75D005386FF /* Aspects.swift */,
				4AA18A4C1D75D738005386FF /* Collection.swift */,
				4A9593C91D74940600EE27AA /* Perform.swift */,
				4AC9E4D51D74BBD70064B4E7 /* Segue.swift */,
				4AEFD48F1D76089F004E7F66 /* SequenceType.swift */,
				4AC9E4E21D74C9620064B4E7 /* UIStoryboardSegue.swift */,
				4AEFD4891D760122004E7F66 /* UITabBarController.swift */,
				4AEFD48B1D7601A4004E7F66 /* UIViewController.swift */,
				4A9593C51D7493EC00EE27AA /* Info.plist */,
			);
			path = Perform;
			sourceTree = "<group>";
		};
		4AC9E4C61D74BAF50064B4E7 /* Harness */ = {
			isa = PBXGroup;
			children = (
				4AC9E4C71D74BAF50064B4E7 /* AppDelegate.swift */,
				4AC9E4DF1D74C2390064B4E7 /* ViewControllers.swift */,
				4AC9E4C91D74BAF50064B4E7 /* LaunchScreen.storyboard */,
				4AC9E4CB1D74BAF50064B4E7 /* Main.storyboard */,
				4AC9E4C81D74BAF50064B4E7 /* Assets.xcassets */,
				4AC9E4CD1D74BAF50064B4E7 /* Info.plist */,
			);
			path = Harness;
			sourceTree = "<group>";
		};
/* End PBXGroup section */

/* Begin PBXHeadersBuildPhase section */
		4A95937E1D748EE100EE27AA /* Headers */ = {
			isa = PBXHeadersBuildPhase;
			buildActionMask = 2147483647;
			files = (
				4A9593C81D7493EC00EE27AA /* Perform.h in Headers */,
			);
			runOnlyForDeploymentPostprocessing = 0;
		};
/* End PBXHeadersBuildPhase section */

/* Begin PBXNativeTarget section */
		4A9593801D748EE100EE27AA /* Perform */ = {
			isa = PBXNativeTarget;
			buildConfigurationList = 4A9593951D748EE100EE27AA /* Build configuration list for PBXNativeTarget "Perform" */;
			buildPhases = (
				4A95937C1D748EE100EE27AA /* Sources */,
				4A95937D1D748EE100EE27AA /* Frameworks */,
				4A95937E1D748EE100EE27AA /* Headers */,
				4A95937F1D748EE100EE27AA /* Resources */,
			);
			buildRules = (
			);
			dependencies = (
			);
			name = Perform;
			productName = Perform;
			productReference = 4A9593811D748EE100EE27AA /* Perform.framework */;
			productType = "com.apple.product-type.framework";
		};
		4A9593891D748EE100EE27AA /* PerformTests */ = {
			isa = PBXNativeTarget;
			buildConfigurationList = 4A9593981D748EE100EE27AA /* Build configuration list for PBXNativeTarget "PerformTests" */;
			buildPhases = (
				4A9593861D748EE100EE27AA /* Sources */,
				4A9593871D748EE100EE27AA /* Frameworks */,
				4A9593881D748EE100EE27AA /* Resources */,
				4A9593B61D74929900EE27AA /* Copy Frameworks */,
			);
			buildRules = (
			);
			dependencies = (
				4A95938D1D748EE100EE27AA /* PBXTargetDependency */,
				4A9593F31D74A71A00EE27AA /* PBXTargetDependency */,
			);
			name = PerformTests;
			productName = PerformTests;
			productReference = 4A95938A1D748EE100EE27AA /* PerformTests.xctest */;
			productType = "com.apple.product-type.bundle.unit-test";
		};
		4A9593CE1D74A59A00EE27AA /* PerformHarness */ = {
			isa = PBXNativeTarget;
			buildConfigurationList = 4A9593DE1D74A59A00EE27AA /* Build configuration list for PBXNativeTarget "PerformHarness" */;
			buildPhases = (
				4A9593CB1D74A59A00EE27AA /* Sources */,
				4A9593CC1D74A59A00EE27AA /* Frameworks */,
				4A9593FB1D74AA1700EE27AA /* Copy Frameworks */,
				4A9593CD1D74A59A00EE27AA /* Resources */,
			);
			buildRules = (
			);
			dependencies = (
			);
			name = PerformHarness;
			productName = PerformHarness;
			productReference = 4A9593CF1D74A59A00EE27AA /* PerformHarness.app */;
			productType = "com.apple.product-type.application";
		};
/* End PBXNativeTarget section */

/* Begin PBXProject section */
		4A9593781D748EE100EE27AA /* Project object */ = {
			isa = PBXProject;
			attributes = {
				LastSwiftUpdateCheck = 0800;
				LastUpgradeCheck = 0940;
				ORGANIZATIONNAME = thoughtbot;
				TargetAttributes = {
					4A9593801D748EE100EE27AA = {
						CreatedOnToolsVersion = 8.0;
						LastSwiftMigration = 0900;
						ProvisioningStyle = Automatic;
					};
					4A9593891D748EE100EE27AA = {
						CreatedOnToolsVersion = 8.0;
						LastSwiftMigration = 0900;
						ProvisioningStyle = Automatic;
						TestTargetID = 4A9593CE1D74A59A00EE27AA;
					};
					4A9593CE1D74A59A00EE27AA = {
						CreatedOnToolsVersion = 8.0;
						LastSwiftMigration = 0900;
						ProvisioningStyle = Automatic;
					};
				};
			};
			buildConfigurationList = 4A95937B1D748EE100EE27AA /* Build configuration list for PBXProject "Perform" */;
			compatibilityVersion = "Xcode 3.2";
			developmentRegion = English;
			hasScannedForEncodings = 0;
			knownRegions = (
				en,
				Base,
			);
			mainGroup = 4A9593771D748EE100EE27AA;
			productRefGroup = 4A9593821D748EE100EE27AA /* Products */;
			projectDirPath = "";
			projectRoot = "";
			targets = (
				4A9593801D748EE100EE27AA /* Perform */,
				4A9593891D748EE100EE27AA /* PerformTests */,
				4A9593CE1D74A59A00EE27AA /* PerformHarness */,
			);
		};
/* End PBXProject section */

/* Begin PBXResourcesBuildPhase section */
		4A95937F1D748EE100EE27AA /* Resources */ = {
			isa = PBXResourcesBuildPhase;
			buildActionMask = 2147483647;
			files = (
			);
			runOnlyForDeploymentPostprocessing = 0;
		};
		4A9593881D748EE100EE27AA /* Resources */ = {
			isa = PBXResourcesBuildPhase;
			buildActionMask = 2147483647;
			files = (
			);
			runOnlyForDeploymentPostprocessing = 0;
		};
		4A9593CD1D74A59A00EE27AA /* Resources */ = {
			isa = PBXResourcesBuildPhase;
			buildActionMask = 2147483647;
			files = (
				4AC9E4D21D74BAF50064B4E7 /* Main.storyboard in Resources */,
				4AC9E4D01D74BAF50064B4E7 /* Assets.xcassets in Resources */,
				4AC9E4D11D74BAF50064B4E7 /* LaunchScreen.storyboard in Resources */,
			);
			runOnlyForDeploymentPostprocessing = 0;
		};
/* End PBXResourcesBuildPhase section */

/* Begin PBXSourcesBuildPhase section */
		4A95937C1D748EE100EE27AA /* Sources */ = {
			isa = PBXSourcesBuildPhase;
			buildActionMask = 2147483647;
			files = (
				4AEFD4901D76089F004E7F66 /* SequenceType.swift in Sources */,
				4AA18A4F1D75D75D005386FF /* Aspects.swift in Sources */,
				4AEFD48A1D760122004E7F66 /* UITabBarController.swift in Sources */,
				4AC9E4E31D74C9620064B4E7 /* UIStoryboardSegue.swift in Sources */,
				4AA18A4D1D75D738005386FF /* Collection.swift in Sources */,
				4A95940A1D74B16D00EE27AA /* Perform.swift in Sources */,
				4AEFD48C1D7601A4004E7F66 /* UIViewController.swift in Sources */,
				4AC9E4D61D74BBD70064B4E7 /* Segue.swift in Sources */,
			);
			runOnlyForDeploymentPostprocessing = 0;
		};
		4A9593861D748EE100EE27AA /* Sources */ = {
			isa = PBXSourcesBuildPhase;
			buildActionMask = 2147483647;
			files = (
				4A95940C1D74B19800EE27AA /* PerformSpec.swift in Sources */,
			);
			runOnlyForDeploymentPostprocessing = 0;
		};
		4A9593CB1D74A59A00EE27AA /* Sources */ = {
			isa = PBXSourcesBuildPhase;
			buildActionMask = 2147483647;
			files = (
				4AC9E4E11D74C2C40064B4E7 /* ViewControllers.swift in Sources */,
				4AC9E4CF1D74BAF50064B4E7 /* AppDelegate.swift in Sources */,
			);
			runOnlyForDeploymentPostprocessing = 0;
		};
/* End PBXSourcesBuildPhase section */

/* Begin PBXTargetDependency section */
		4A95938D1D748EE100EE27AA /* PBXTargetDependency */ = {
			isa = PBXTargetDependency;
			target = 4A9593801D748EE100EE27AA /* Perform */;
			targetProxy = 4A95938C1D748EE100EE27AA /* PBXContainerItemProxy */;
		};
		4A9593F31D74A71A00EE27AA /* PBXTargetDependency */ = {
			isa = PBXTargetDependency;
			target = 4A9593CE1D74A59A00EE27AA /* PerformHarness */;
			targetProxy = 4A9593F21D74A71A00EE27AA /* PBXContainerItemProxy */;
		};
/* End PBXTargetDependency section */

/* Begin PBXVariantGroup section */
		4AC9E4C91D74BAF50064B4E7 /* LaunchScreen.storyboard */ = {
			isa = PBXVariantGroup;
			children = (
				4AC9E4CA1D74BAF50064B4E7 /* Base */,
			);
			name = LaunchScreen.storyboard;
			sourceTree = "<group>";
		};
		4AC9E4CB1D74BAF50064B4E7 /* Main.storyboard */ = {
			isa = PBXVariantGroup;
			children = (
				4AC9E4CC1D74BAF50064B4E7 /* Base */,
			);
			name = Main.storyboard;
			sourceTree = "<group>";
		};
/* End PBXVariantGroup section */

/* Begin XCBuildConfiguration section */
		4A9593931D748EE100EE27AA /* Debug */ = {
			isa = XCBuildConfiguration;
			buildSettings = {
				ALWAYS_SEARCH_USER_PATHS = NO;
				CLANG_ANALYZER_NONNULL = YES;
				CLANG_CXX_LANGUAGE_STANDARD = "gnu++0x";
				CLANG_CXX_LIBRARY = "libc++";
				CLANG_ENABLE_MODULES = YES;
				CLANG_ENABLE_OBJC_ARC = YES;
				CLANG_WARN_BLOCK_CAPTURE_AUTORELEASING = YES;
				CLANG_WARN_BOOL_CONVERSION = YES;
				CLANG_WARN_COMMA = YES;
				CLANG_WARN_CONSTANT_CONVERSION = YES;
				CLANG_WARN_DEPRECATED_OBJC_IMPLEMENTATIONS = YES;
				CLANG_WARN_DIRECT_OBJC_ISA_USAGE = YES_ERROR;
				CLANG_WARN_DOCUMENTATION_COMMENTS = YES;
				CLANG_WARN_EMPTY_BODY = YES;
				CLANG_WARN_ENUM_CONVERSION = YES;
				CLANG_WARN_INFINITE_RECURSION = YES;
				CLANG_WARN_INT_CONVERSION = YES;
				CLANG_WARN_NON_LITERAL_NULL_CONVERSION = YES;
				CLANG_WARN_OBJC_IMPLICIT_RETAIN_SELF = YES;
				CLANG_WARN_OBJC_LITERAL_CONVERSION = YES;
				CLANG_WARN_OBJC_ROOT_CLASS = YES_ERROR;
				CLANG_WARN_RANGE_LOOP_ANALYSIS = YES;
				CLANG_WARN_STRICT_PROTOTYPES = YES;
				CLANG_WARN_SUSPICIOUS_MOVE = YES;
				CLANG_WARN_SUSPICIOUS_MOVES = YES;
				CLANG_WARN_UNREACHABLE_CODE = YES;
				CLANG_WARN__DUPLICATE_METHOD_MATCH = YES;
				"CODE_SIGN_IDENTITY[sdk=iphoneos*]" = "iPhone Developer";
				COPY_PHASE_STRIP = NO;
				CURRENT_PROJECT_VERSION = 1;
				DEBUG_INFORMATION_FORMAT = dwarf;
				ENABLE_STRICT_OBJC_MSGSEND = YES;
				ENABLE_TESTABILITY = YES;
				"FRAMEWORK_SEARCH_PATHS[sdk=iphoneos*]" = "$(PROJECT_DIR)/Carthage/Build/iOS";
				"FRAMEWORK_SEARCH_PATHS[sdk=iphonesimulator*]" = "$(PROJECT_DIR)/Carthage/Build/iOS";
				GCC_C_LANGUAGE_STANDARD = gnu99;
				GCC_DYNAMIC_NO_PIC = NO;
				GCC_NO_COMMON_BLOCKS = YES;
				GCC_OPTIMIZATION_LEVEL = 0;
				GCC_PREPROCESSOR_DEFINITIONS = (
					"DEBUG=1",
					"$(inherited)",
				);
				GCC_WARN_64_TO_32_BIT_CONVERSION = YES;
				GCC_WARN_ABOUT_RETURN_TYPE = YES_ERROR;
				GCC_WARN_UNDECLARED_SELECTOR = YES;
				GCC_WARN_UNINITIALIZED_AUTOS = YES_AGGRESSIVE;
				GCC_WARN_UNUSED_FUNCTION = YES;
				GCC_WARN_UNUSED_VARIABLE = YES;
				IPHONEOS_DEPLOYMENT_TARGET = 8.0;
				MTL_ENABLE_DEBUG_INFO = YES;
				ONLY_ACTIVE_ARCH = YES;
				SDKROOT = iphoneos;
				SWIFT_ACTIVE_COMPILATION_CONDITIONS = DEBUG;
				SWIFT_OPTIMIZATION_LEVEL = "-Onone";
				SWIFT_VERSION = 3.0;
				TARGETED_DEVICE_FAMILY = "1,2";
				VERSIONING_SYSTEM = "apple-generic";
				VERSION_INFO_PREFIX = "";
			};
			name = Debug;
		};
		4A9593941D748EE100EE27AA /* Release */ = {
			isa = XCBuildConfiguration;
			buildSettings = {
				ALWAYS_SEARCH_USER_PATHS = NO;
				CLANG_ANALYZER_NONNULL = YES;
				CLANG_CXX_LANGUAGE_STANDARD = "gnu++0x";
				CLANG_CXX_LIBRARY = "libc++";
				CLANG_ENABLE_MODULES = YES;
				CLANG_ENABLE_OBJC_ARC = YES;
				CLANG_WARN_BLOCK_CAPTURE_AUTORELEASING = YES;
				CLANG_WARN_BOOL_CONVERSION = YES;
				CLANG_WARN_COMMA = YES;
				CLANG_WARN_CONSTANT_CONVERSION = YES;
				CLANG_WARN_DEPRECATED_OBJC_IMPLEMENTATIONS = YES;
				CLANG_WARN_DIRECT_OBJC_ISA_USAGE = YES_ERROR;
				CLANG_WARN_DOCUMENTATION_COMMENTS = YES;
				CLANG_WARN_EMPTY_BODY = YES;
				CLANG_WARN_ENUM_CONVERSION = YES;
				CLANG_WARN_INFINITE_RECURSION = YES;
				CLANG_WARN_INT_CONVERSION = YES;
				CLANG_WARN_NON_LITERAL_NULL_CONVERSION = YES;
				CLANG_WARN_OBJC_IMPLICIT_RETAIN_SELF = YES;
				CLANG_WARN_OBJC_LITERAL_CONVERSION = YES;
				CLANG_WARN_OBJC_ROOT_CLASS = YES_ERROR;
				CLANG_WARN_RANGE_LOOP_ANALYSIS = YES;
				CLANG_WARN_STRICT_PROTOTYPES = YES;
				CLANG_WARN_SUSPICIOUS_MOVE = YES;
				CLANG_WARN_SUSPICIOUS_MOVES = YES;
				CLANG_WARN_UNREACHABLE_CODE = YES;
				CLANG_WARN__DUPLICATE_METHOD_MATCH = YES;
				"CODE_SIGN_IDENTITY[sdk=iphoneos*]" = "iPhone Developer";
				COPY_PHASE_STRIP = NO;
				CURRENT_PROJECT_VERSION = 1;
				DEBUG_INFORMATION_FORMAT = "dwarf-with-dsym";
				ENABLE_NS_ASSERTIONS = NO;
				ENABLE_STRICT_OBJC_MSGSEND = YES;
				"FRAMEWORK_SEARCH_PATHS[sdk=iphoneos*]" = "$(PROJECT_DIR)/Carthage/Build/iOS";
				"FRAMEWORK_SEARCH_PATHS[sdk=iphonesimulator*]" = "$(PROJECT_DIR)/Carthage/Build/iOS";
				GCC_C_LANGUAGE_STANDARD = gnu99;
				GCC_NO_COMMON_BLOCKS = YES;
				GCC_WARN_64_TO_32_BIT_CONVERSION = YES;
				GCC_WARN_ABOUT_RETURN_TYPE = YES_ERROR;
				GCC_WARN_UNDECLARED_SELECTOR = YES;
				GCC_WARN_UNINITIALIZED_AUTOS = YES_AGGRESSIVE;
				GCC_WARN_UNUSED_FUNCTION = YES;
				GCC_WARN_UNUSED_VARIABLE = YES;
				IPHONEOS_DEPLOYMENT_TARGET = 8.0;
				MTL_ENABLE_DEBUG_INFO = NO;
				SDKROOT = iphoneos;
				SWIFT_OPTIMIZATION_LEVEL = "-Owholemodule";
				SWIFT_VERSION = 3.0;
				TARGETED_DEVICE_FAMILY = "1,2";
				VALIDATE_PRODUCT = YES;
				VERSIONING_SYSTEM = "apple-generic";
				VERSION_INFO_PREFIX = "";
			};
			name = Release;
		};
		4A9593961D748EE100EE27AA /* Debug */ = {
			isa = XCBuildConfiguration;
			buildSettings = {
				APPLICATION_EXTENSION_API_ONLY = NO;
				CLANG_ENABLE_MODULES = YES;
				CODE_SIGN_IDENTITY = "";
				DEFINES_MODULE = YES;
				DYLIB_COMPATIBILITY_VERSION = 1;
				DYLIB_CURRENT_VERSION = 1;
				DYLIB_INSTALL_NAME_BASE = "@rpath";
				FRAMEWORK_SEARCH_PATHS = (
					"$(inherited)",
					"$(PROJECT_DIR)/Carthage/Build/iOS",
				);
				INFOPLIST_FILE = Sources/Perform/Info.plist;
				INSTALL_PATH = "$(LOCAL_LIBRARY_DIR)/Frameworks";
				LD_RUNPATH_SEARCH_PATHS = "$(inherited) @executable_path/Frameworks @loader_path/Frameworks";
				PRODUCT_BUNDLE_IDENTIFIER = com.thoughtbot.Perform;
				PRODUCT_NAME = "$(TARGET_NAME)";
				SKIP_INSTALL = YES;
				SWIFT_OPTIMIZATION_LEVEL = "-Onone";
				SWIFT_VERSION = 4.0;
			};
			name = Debug;
		};
		4A9593971D748EE100EE27AA /* Release */ = {
			isa = XCBuildConfiguration;
			buildSettings = {
				APPLICATION_EXTENSION_API_ONLY = NO;
				CLANG_ENABLE_MODULES = YES;
				CODE_SIGN_IDENTITY = "";
				DEFINES_MODULE = YES;
				DYLIB_COMPATIBILITY_VERSION = 1;
				DYLIB_CURRENT_VERSION = 1;
				DYLIB_INSTALL_NAME_BASE = "@rpath";
				FRAMEWORK_SEARCH_PATHS = (
					"$(inherited)",
					"$(PROJECT_DIR)/Carthage/Build/iOS",
				);
				INFOPLIST_FILE = Sources/Perform/Info.plist;
				INSTALL_PATH = "$(LOCAL_LIBRARY_DIR)/Frameworks";
				LD_RUNPATH_SEARCH_PATHS = "$(inherited) @executable_path/Frameworks @loader_path/Frameworks";
				PRODUCT_BUNDLE_IDENTIFIER = com.thoughtbot.Perform;
				PRODUCT_NAME = "$(TARGET_NAME)";
				SKIP_INSTALL = YES;
				SWIFT_VERSION = 4.0;
			};
			name = Release;
		};
		4A9593991D748EE100EE27AA /* Debug */ = {
			isa = XCBuildConfiguration;
			buildSettings = {
				ALWAYS_EMBED_SWIFT_STANDARD_LIBRARIES = YES;
				BUNDLE_LOADER = "$(TEST_HOST)";
				FRAMEWORK_SEARCH_PATHS = (
					"$(inherited)",
					"$(PROJECT_DIR)/Carthage/Build/iOS",
				);
				INFOPLIST_FILE = Tests/PerformTests/Info.plist;
				LD_RUNPATH_SEARCH_PATHS = "$(inherited) @executable_path/Frameworks @loader_path/Frameworks";
				PRODUCT_BUNDLE_IDENTIFIER = com.thoughtbot.PerformTests;
				PRODUCT_NAME = "$(TARGET_NAME)";
				SWIFT_VERSION = 4.0;
				TEST_HOST = "$(BUILT_PRODUCTS_DIR)/PerformHarness.app/PerformHarness";
			};
			name = Debug;
		};
		4A95939A1D748EE100EE27AA /* Release */ = {
			isa = XCBuildConfiguration;
			buildSettings = {
				ALWAYS_EMBED_SWIFT_STANDARD_LIBRARIES = YES;
				BUNDLE_LOADER = "$(TEST_HOST)";
				FRAMEWORK_SEARCH_PATHS = (
					"$(inherited)",
					"$(PROJECT_DIR)/Carthage/Build/iOS",
				);
				INFOPLIST_FILE = Tests/PerformTests/Info.plist;
				LD_RUNPATH_SEARCH_PATHS = "$(inherited) @executable_path/Frameworks @loader_path/Frameworks";
				PRODUCT_BUNDLE_IDENTIFIER = com.thoughtbot.PerformTests;
				PRODUCT_NAME = "$(TARGET_NAME)";
				SWIFT_VERSION = 4.0;
				TEST_HOST = "$(BUILT_PRODUCTS_DIR)/PerformHarness.app/PerformHarness";
			};
			name = Release;
		};
		4A9593DF1D74A59A00EE27AA /* Debug */ = {
			isa = XCBuildConfiguration;
			buildSettings = {
				ASSETCATALOG_COMPILER_APPICON_NAME = AppIcon;
				FRAMEWORK_SEARCH_PATHS = (
					"$(inherited)",
					"$(PROJECT_DIR)/Carthage/Build/iOS",
				);
				INFOPLIST_FILE = Tests/Harness/Info.plist;
				LD_RUNPATH_SEARCH_PATHS = "$(inherited) @executable_path/Frameworks";
				PRODUCT_BUNDLE_IDENTIFIER = com.thoughtbot.PerformHarness;
				PRODUCT_NAME = "$(TARGET_NAME)";
				SWIFT_VERSION = 4.0;
			};
			name = Debug;
		};
		4A9593E01D74A59A00EE27AA /* Release */ = {
			isa = XCBuildConfiguration;
			buildSettings = {
				ASSETCATALOG_COMPILER_APPICON_NAME = AppIcon;
				FRAMEWORK_SEARCH_PATHS = (
					"$(inherited)",
					"$(PROJECT_DIR)/Carthage/Build/iOS",
				);
				INFOPLIST_FILE = Tests/Harness/Info.plist;
				LD_RUNPATH_SEARCH_PATHS = "$(inherited) @executable_path/Frameworks";
				PRODUCT_BUNDLE_IDENTIFIER = com.thoughtbot.PerformHarness;
				PRODUCT_NAME = "$(TARGET_NAME)";
				SWIFT_VERSION = 4.0;
			};
			name = Release;
		};
/* End XCBuildConfiguration section */

/* Begin XCConfigurationList section */
		4A95937B1D748EE100EE27AA /* Build configuration list for PBXProject "Perform" */ = {
			isa = XCConfigurationList;
			buildConfigurations = (
				4A9593931D748EE100EE27AA /* Debug */,
				4A9593941D748EE100EE27AA /* Release */,
			);
			defaultConfigurationIsVisible = 0;
			defaultConfigurationName = Release;
		};
		4A9593951D748EE100EE27AA /* Build configuration list for PBXNativeTarget "Perform" */ = {
			isa = XCConfigurationList;
			buildConfigurations = (
				4A9593961D748EE100EE27AA /* Debug */,
				4A9593971D748EE100EE27AA /* Release */,
			);
			defaultConfigurationIsVisible = 0;
			defaultConfigurationName = Release;
		};
		4A9593981D748EE100EE27AA /* Build configuration list for PBXNativeTarget "PerformTests" */ = {
			isa = XCConfigurationList;
			buildConfigurations = (
				4A9593991D748EE100EE27AA /* Debug */,
				4A95939A1D748EE100EE27AA /* Release */,
			);
			defaultConfigurationIsVisible = 0;
			defaultConfigurationName = Release;
		};
		4A9593DE1D74A59A00EE27AA /* Build configuration list for PBXNativeTarget "PerformHarness" */ = {
			isa = XCConfigurationList;
			buildConfigurations = (
				4A9593DF1D74A59A00EE27AA /* Debug */,
				4A9593E01D74A59A00EE27AA /* Release */,
			);
			defaultConfigurationIsVisible = 0;
			defaultConfigurationName = Release;
		};
/* End XCConfigurationList section */
	};
	rootObject = 4A9593781D748EE100EE27AA /* Project object */;
}
